
Microsoft Visual Studio Solution File, Format Version 12.00
# Visual Studio 15
VisualStudioVersion = 15.0.28010.2046
MinimumVisualStudioVersion = 10.0.40219.1
Project("{FAE04EC0-301F-11D3-BF4B-00C04F79EFBC}") = "Json_Serialization", "Json_Serialization\Json_Serialization.csproj", "{C8069AE3-B939-49A6-8696-076FA5FB3489}"
EndProject
Global
	GlobalSection(SolutionConfigurationPlatforms) = preSolution
		Debug|Any CPU = Debug|Any CPU
		Release|Any CPU = Release|Any CPU
	EndGlobalSection
	GlobalSection(ProjectConfigurationPlatforms) = postSolution
		{C8069AE3-B939-49A6-8696-076FA5FB3489}.Debug|Any CPU.ActiveCfg = Debug|Any CPU
		{C8069AE3-B939-49A6-8696-076FA5FB3489}.Debug|Any CPU.Build.0 = Debug|Any CPU
		{C8069AE3-B939-49A6-8696-076FA5FB3489}.Release|Any CPU.ActiveCfg = Release|Any CPU
		{C8069AE3-B939-49A6-8696-076FA5FB3489}.Release|Any CPU.Build.0 = Release|Any CPU
	EndGlobalSection
	GlobalSection(SolutionProperties) = preSolution
		HideSolutionNode = FALSE
	EndGlobalSection
	GlobalSection(ExtensibilityGlobals) = postSolution
		SolutionGuid = {348115AB-A952-4232-B0C7-60E8605C5139}
	EndGlobalSection
EndGlobal
